
Microsoft Visual Studio Solution File, Format Version 12.00
# Visual Studio 15
VisualStudioVersion = 15.0.28307.168
MinimumVisualStudioVersion = 10.0.40219.1
Project("{FAE04EC0-301F-11D3-BF4B-00C04F79EFBC}") = "NDS_FNT_Tool_GUI", "NDS_FNT_Tool_GUI\NDS_FNT_Tool_GUI.csproj", "{88D11174-76D3-4BE7-B65B-F000A73A723A}"
EndProject
Global
	GlobalSection(SolutionConfigurationPlatforms) = preSolution
		Debug|Any CPU = Debug|Any CPU
		Release|Any CPU = Release|Any CPU
	EndGlobalSection
	GlobalSection(ProjectConfigurationPlatforms) = postSolution
		{88D11174-76D3-4BE7-B65B-F000A73A723A}.Debug|Any CPU.ActiveCfg = Debug|Any CPU
		{88D11174-76D3-4BE7-B65B-F000A73A723A}.Debug|Any CPU.Build.0 = Debug|Any CPU
		{88D11174-76D3-4BE7-B65B-F000A73A723A}.Release|Any CPU.ActiveCfg = Release|Any CPU
		{88D11174-76D3-4BE7-B65B-F000A73A723A}.Release|Any CPU.Build.0 = Release|Any CPU
	EndGlobalSection
	GlobalSection(SolutionProperties) = preSolution
		HideSolutionNode = FALSE
	EndGlobalSection
	GlobalSection(ExtensibilityGlobals) = postSolution
		SolutionGuid = {37FDAA07-8CE9-4450-9A0B-731A8087A1E5}
	EndGlobalSection
EndGlobal
